
Microsoft Visual Studio Solution File, Format Version 12.00
# Visual Studio 2012
Project("{FAE04EC0-301F-11D3-BF4B-00C04F79EFBC}") = "ArrayList", "ArrayList\ArrayList.csproj", "{46F3782E-CAB4-4AF1-A5E9-6B3CED2DD523}"
EndProject
Global
	GlobalSection(SolutionConfigurationPlatforms) = preSolution
		Debug|Any CPU = Debug|Any CPU
		Release|Any CPU = Release|Any CPU
	EndGlobalSection
	GlobalSection(ProjectConfigurationPlatforms) = postSolution
		{46F3782E-CAB4-4AF1-A5E9-6B3CED2DD523}.Debug|Any CPU.ActiveCfg = Debug|Any CPU
		{46F3782E-CAB4-4AF1-A5E9-6B3CED2DD523}.Debug|Any CPU.Build.0 = Debug|Any CPU
		{46F3782E-CAB4-4AF1-A5E9-6B3CED2DD523}.Release|Any CPU.ActiveCfg = Release|Any CPU
		{46F3782E-CAB4-4AF1-A5E9-6B3CED2DD523}.Release|Any CPU.Build.0 = Release|Any CPU
	EndGlobalSection
	GlobalSection(SolutionProperties) = preSolution
		HideSolutionNode = FALSE
	EndGlobalSection
EndGlobal
